// !$*UTF8*$!
{
	archiveVersion = 1;
	classes = {
	};
	objectVersion = 56;
	objects = {

/* Begin PBXBuildFile section */
		EDD6F5E72BEFB52D007A2B8D /* Quiver_Dating_appApp.swift in Sources */ = {isa = PBXBuildFile; fileRef = EDD6F5E62BEFB52D007A2B8D /* Quiver_Dating_appApp.swift */; };
		EDD6F5E92BEFB52E007A2B8D /* ContentView.swift in Sources */ = {isa = PBXBuildFile; fileRef = EDD6F5E82BEFB52E007A2B8D /* ContentView.swift */; };
		EDD6F5EB2BEFB52F007A2B8D /* Assets.xcassets in Resources */ = {isa = PBXBuildFile; fileRef = EDD6F5EA2BEFB52F007A2B8D /* Assets.xcassets */; };
		EDD6F5EE2BEFB52F007A2B8D /* Preview Assets.xcassets in Resources */ = {isa = PBXBuildFile; fileRef = EDD6F5ED2BEFB52F007A2B8D /* Preview Assets.xcassets */; };
		EDD6F6012BF27A73007A2B8D /* MainTabView.swift in Sources */ = {isa = PBXBuildFile; fileRef = EDD6F6002BF27A73007A2B8D /* MainTabView.swift */; };
		EDD6F6032BF27E96007A2B8D /* CardView.swift in Sources */ = {isa = PBXBuildFile; fileRef = EDD6F6022BF27E96007A2B8D /* CardView.swift */; };
		EDD6F6052BF287A2007A2B8D /* UserInfoView.swift in Sources */ = {isa = PBXBuildFile; fileRef = EDD6F6042BF287A2007A2B8D /* UserInfoView.swift */; };
/* End PBXBuildFile section */

/* Begin PBXFileReference section */
		EDD6F5E32BEFB52D007A2B8D /* Quiver Dating app.app */ = {isa = PBXFileReference; explicitFileType = wrapper.application; includeInIndex = 0; path = "Quiver Dating app.app"; sourceTree = BUILT_PRODUCTS_DIR; };
		EDD6F5E62BEFB52D007A2B8D /* Quiver_Dating_appApp.swift */ = {isa = PBXFileReference; lastKnownFileType = sourcecode.swift; path = Quiver_Dating_appApp.swift; sourceTree = "<group>"; };
		EDD6F5E82BEFB52E007A2B8D /* ContentView.swift */ = {isa = PBXFileReference; lastKnownFileType = sourcecode.swift; path = ContentView.swift; sourceTree = "<group>"; };
		EDD6F5EA2BEFB52F007A2B8D /* Assets.xcassets */ = {isa = PBXFileReference; lastKnownFileType = folder.assetcatalog; path = Assets.xcassets; sourceTree = "<group>"; };
		EDD6F5ED2BEFB52F007A2B8D /* Preview Assets.xcassets */ = {isa = PBXFileReference; lastKnownFileType = folder.assetcatalog; path = "Preview Assets.xcassets"; sourceTree = "<group>"; };
		EDD6F6002BF27A73007A2B8D /* MainTabView.swift */ = {isa = PBXFileReference; lastKnownFileType = sourcecode.swift; path = MainTabView.swift; sourceTree = "<group>"; };
		EDD6F6022BF27E96007A2B8D /* CardView.swift */ = {isa = PBXFileReference; lastKnownFileType = sourcecode.swift; path = CardView.swift; sourceTree = "<group>"; };
		EDD6F6042BF287A2007A2B8D /* UserInfoView.swift */ = {isa = PBXFileReference; lastKnownFileType = sourcecode.swift; path = UserInfoView.swift; sourceTree = "<group>"; };
/* End PBXFileReference section */

/* Begin PBXFrameworksBuildPhase section */
		EDD6F5E02BEFB52D007A2B8D /* Frameworks */ = {
			isa = PBXFrameworksBuildPhase;
			buildActionMask = 2147483647;
			files = (
			);
			runOnlyForDeploymentPostprocessing = 0;
		};
/* End PBXFrameworksBuildPhase section */

/* Begin PBXGroup section */
		EDD6F5DA2BEFB52D007A2B8D = {
			isa = PBXGroup;
			children = (
				EDD6F5E52BEFB52D007A2B8D /* Quiver Dating app */,
				EDD6F5E42BEFB52D007A2B8D /* Products */,
			);
			sourceTree = "<group>";
		};
		EDD6F5E42BEFB52D007A2B8D /* Products */ = {
			isa = PBXGroup;
			children = (
				EDD6F5E32BEFB52D007A2B8D /* Quiver Dating app.app */,
			);
			name = Products;
			sourceTree = "<group>";
		};
		EDD6F5E52BEFB52D007A2B8D /* Quiver Dating app */ = {
			isa = PBXGroup;
			children = (
				EDD6F5FA2BF27817007A2B8D /* App */,
				EDD6F5F82BF277F9007A2B8D /* Core */,
				EDD6F5F72BF277F5007A2B8D /* Extantions */,
				EDD6F5F62BF277EE007A2B8D /* Shared */,
				EDD6F5F42BF277E2007A2B8D /* Utils */,
				EDD6F5E82BEFB52E007A2B8D /* ContentView.swift */,
				EDD6F5EA2BEFB52F007A2B8D /* Assets.xcassets */,
				EDD6F5EC2BEFB52F007A2B8D /* Preview Content */,
			);
			path = "Quiver Dating app";
			sourceTree = "<group>";
		};
		EDD6F5EC2BEFB52F007A2B8D /* Preview Content */ = {
			isa = PBXGroup;
			children = (
				EDD6F5ED2BEFB52F007A2B8D /* Preview Assets.xcassets */,
			);
			path = "Preview Content";
			sourceTree = "<group>";
		};
		EDD6F5F42BF277E2007A2B8D /* Utils */ = {
			isa = PBXGroup;
			children = (
			);
			path = Utils;
			sourceTree = "<group>";
		};
		EDD6F5F62BF277EE007A2B8D /* Shared */ = {
			isa = PBXGroup;
			children = (
			);
			path = Shared;
			sourceTree = "<group>";
		};
		EDD6F5F72BF277F5007A2B8D /* Extantions */ = {
			isa = PBXGroup;
			children = (
			);
			path = Extantions;
			sourceTree = "<group>";
		};
		EDD6F5F82BF277F9007A2B8D /* Core */ = {
			isa = PBXGroup;
			children = (
				EDD6F5FC2BF279B5007A2B8D /* Cards */,
				EDD6F5FF2BF27A02007A2B8D /* Messaging */,
				EDD6F5FE2BF279E3007A2B8D /* Searching */,
				EDD6F5FD2BF279D9007A2B8D /* Profile */,
				EDD6F5FB2BF279AE007A2B8D /* TabBar */,
			);
			path = Core;
			sourceTree = "<group>";
		};
		EDD6F5FA2BF27817007A2B8D /* App */ = {
			isa = PBXGroup;
			children = (
				EDD6F5E62BEFB52D007A2B8D /* Quiver_Dating_appApp.swift */,
			);
			path = App;
			sourceTree = "<group>";
		};
		EDD6F5FB2BF279AE007A2B8D /* TabBar */ = {
			isa = PBXGroup;
			children = (
				EDD6F6002BF27A73007A2B8D /* MainTabView.swift */,
			);
			path = TabBar;
			sourceTree = "<group>";
		};
		EDD6F5FC2BF279B5007A2B8D /* Cards */ = {
			isa = PBXGroup;
			children = (
				EDD6F6022BF27E96007A2B8D /* CardView.swift */,
				EDD6F6042BF287A2007A2B8D /* UserInfoView.swift */,
			);
			path = Cards;
			sourceTree = "<group>";
		};
		EDD6F5FD2BF279D9007A2B8D /* Profile */ = {
			isa = PBXGroup;
			children = (
			);
			path = Profile;
			sourceTree = "<group>";
		};
		EDD6F5FE2BF279E3007A2B8D /* Searching */ = {
			isa = PBXGroup;
			children = (
			);
			path = Searching;
			sourceTree = "<group>";
		};
		EDD6F5FF2BF27A02007A2B8D /* Messaging */ = {
			isa = PBXGroup;
			children = (
			);
			path = Messaging;
			sourceTree = "<group>";
		};
/* End PBXGroup section */

/* Begin PBXNativeTarget section */
		EDD6F5E22BEFB52D007A2B8D /* Quiver Dating app */ = {
			isa = PBXNativeTarget;
			buildConfigurationList = EDD6F5F12BEFB52F007A2B8D /* Build configuration list for PBXNativeTarget "Quiver Dating app" */;
			buildPhases = (
				EDD6F5DF2BEFB52D007A2B8D /* Sources */,
				EDD6F5E02BEFB52D007A2B8D /* Frameworks */,
				EDD6F5E12BEFB52D007A2B8D /* Resources */,
			);
			buildRules = (
			);
			dependencies = (
			);
			name = "Quiver Dating app";
			productName = "Quiver Dating app";
			productReference = EDD6F5E32BEFB52D007A2B8D /* Quiver Dating app.app */;
			productType = "com.apple.product-type.application";
		};
/* End PBXNativeTarget section */

/* Begin PBXProject section */
		EDD6F5DB2BEFB52D007A2B8D /* Project object */ = {
			isa = PBXProject;
			attributes = {
				BuildIndependentTargetsInParallel = 1;
				LastSwiftUpdateCheck = 1430;
				LastUpgradeCheck = 1430;
				TargetAttributes = {
					EDD6F5E22BEFB52D007A2B8D = {
						CreatedOnToolsVersion = 14.3.1;
					};
				};
			};
			buildConfigurationList = EDD6F5DE2BEFB52D007A2B8D /* Build configuration list for PBXProject "Quiver Dating app" */;
			compatibilityVersion = "Xcode 14.0";
			developmentRegion = en;
			hasScannedForEncodings = 0;
			knownRegions = (
				en,
				Base,
			);
			mainGroup = EDD6F5DA2BEFB52D007A2B8D;
			productRefGroup = EDD6F5E42BEFB52D007A2B8D /* Products */;
			projectDirPath = "";
			projectRoot = "";
			targets = (
				EDD6F5E22BEFB52D007A2B8D /* Quiver Dating app */,
			);
		};
/* End PBXProject section */

/* Begin PBXResourcesBuildPhase section */
		EDD6F5E12BEFB52D007A2B8D /* Resources */ = {
			isa = PBXResourcesBuildPhase;
			buildActionMask = 2147483647;
			files = (
				EDD6F5EE2BEFB52F007A2B8D /* Preview Assets.xcassets in Resources */,
				EDD6F5EB2BEFB52F007A2B8D /* Assets.xcassets in Resources */,
			);
			runOnlyForDeploymentPostprocessing = 0;
		};
/* End PBXResourcesBuildPhase section */

/* Begin PBXSourcesBuildPhase section */
		EDD6F5DF2BEFB52D007A2B8D /* Sources */ = {
			isa = PBXSourcesBuildPhase;
			buildActionMask = 2147483647;
			files = (
				EDD6F6012BF27A73007A2B8D /* MainTabView.swift in Sources */,
				EDD6F5E92BEFB52E007A2B8D /* ContentView.swift in Sources */,
				EDD6F6032BF27E96007A2B8D /* CardView.swift in Sources */,
				EDD6F5E72BEFB52D007A2B8D /* Quiver_Dating_appApp.swift in Sources */,
				EDD6F6052BF287A2007A2B8D /* UserInfoView.swift in Sources */,
			);
			runOnlyForDeploymentPostprocessing = 0;
		};
/* End PBXSourcesBuildPhase section */

/* Begin XCBuildConfiguration section */
		EDD6F5EF2BEFB52F007A2B8D /* Debug */ = {
			isa = XCBuildConfiguration;
			buildSettings = {
				ALWAYS_SEARCH_USER_PATHS = NO;
				CLANG_ANALYZER_NONNULL = YES;
				CLANG_ANALYZER_NUMBER_OBJECT_CONVERSION = YES_AGGRESSIVE;
				CLANG_CXX_LANGUAGE_STANDARD = "gnu++20";
				CLANG_ENABLE_MODULES = YES;
				CLANG_ENABLE_OBJC_ARC = YES;
				CLANG_ENABLE_OBJC_WEAK = YES;
				CLANG_WARN_BLOCK_CAPTURE_AUTORELEASING = YES;
				CLANG_WARN_BOOL_CONVERSION = YES;
				CLANG_WARN_COMMA = YES;
				CLANG_WARN_CONSTANT_CONVERSION = YES;
				CLANG_WARN_DEPRECATED_OBJC_IMPLEMENTATIONS = YES;
				CLANG_WARN_DIRECT_OBJC_ISA_USAGE = YES_ERROR;
				CLANG_WARN_DOCUMENTATION_COMMENTS = YES;
				CLANG_WARN_EMPTY_BODY = YES;
				CLANG_WARN_ENUM_CONVERSION = YES;
				CLANG_WARN_INFINITE_RECURSION = YES;
				CLANG_WARN_INT_CONVERSION = YES;
				CLANG_WARN_NON_LITERAL_NULL_CONVERSION = YES;
				CLANG_WARN_OBJC_IMPLICIT_RETAIN_SELF = YES;
				CLANG_WARN_OBJC_LITERAL_CONVERSION = YES;
				CLANG_WARN_OBJC_ROOT_CLASS = YES_ERROR;
				CLANG_WARN_QUOTED_INCLUDE_IN_FRAMEWORK_HEADER = YES;
				CLANG_WARN_RANGE_LOOP_ANALYSIS = YES;
				CLANG_WARN_STRICT_PROTOTYPES = YES;
				CLANG_WARN_SUSPICIOUS_MOVE = YES;
				CLANG_WARN_UNGUARDED_AVAILABILITY = YES_AGGRESSIVE;
				CLANG_WARN_UNREACHABLE_CODE = YES;
				CLANG_WARN__DUPLICATE_METHOD_MATCH = YES;
				COPY_PHASE_STRIP = NO;
				DEBUG_INFORMATION_FORMAT = dwarf;
				ENABLE_STRICT_OBJC_MSGSEND = YES;
				ENABLE_TESTABILITY = YES;
				GCC_C_LANGUAGE_STANDARD = gnu11;
				GCC_DYNAMIC_NO_PIC = NO;
				GCC_NO_COMMON_BLOCKS = YES;
				GCC_OPTIMIZATION_LEVEL = 0;
				GCC_PREPROCESSOR_DEFINITIONS = (
					"DEBUG=1",
					"$(inherited)",
				);
				GCC_WARN_64_TO_32_BIT_CONVERSION = YES;
				GCC_WARN_ABOUT_RETURN_TYPE = YES_ERROR;
				GCC_WARN_UNDECLARED_SELECTOR = YES;
				GCC_WARN_UNINITIALIZED_AUTOS = YES_AGGRESSIVE;
				GCC_WARN_UNUSED_FUNCTION = YES;
				GCC_WARN_UNUSED_VARIABLE = YES;
				IPHONEOS_DEPLOYMENT_TARGET = 16.4;
				MTL_ENABLE_DEBUG_INFO = INCLUDE_SOURCE;
				MTL_FAST_MATH = YES;
				ONLY_ACTIVE_ARCH = YES;
				SDKROOT = iphoneos;
				SWIFT_ACTIVE_COMPILATION_CONDITIONS = DEBUG;
				SWIFT_OPTIMIZATION_LEVEL = "-Onone";
			};
			name = Debug;
		};
		EDD6F5F02BEFB52F007A2B8D /* Release */ = {
			isa = XCBuildConfiguration;
			buildSettings = {
				ALWAYS_SEARCH_USER_PATHS = NO;
				CLANG_ANALYZER_NONNULL = YES;
				CLANG_ANALYZER_NUMBER_OBJECT_CONVERSION = YES_AGGRESSIVE;
				CLANG_CXX_LANGUAGE_STANDARD = "gnu++20";
				CLANG_ENABLE_MODULES = YES;
				CLANG_ENABLE_OBJC_ARC = YES;
				CLANG_ENABLE_OBJC_WEAK = YES;
				CLANG_WARN_BLOCK_CAPTURE_AUTORELEASING = YES;
				CLANG_WARN_BOOL_CONVERSION = YES;
				CLANG_WARN_COMMA = YES;
				CLANG_WARN_CONSTANT_CONVERSION = YES;
				CLANG_WARN_DEPRECATED_OBJC_IMPLEMENTATIONS = YES;
				CLANG_WARN_DIRECT_OBJC_ISA_USAGE = YES_ERROR;
				CLANG_WARN_DOCUMENTATION_COMMENTS = YES;
				CLANG_WARN_EMPTY_BODY = YES;
				CLANG_WARN_ENUM_CONVERSION = YES;
				CLANG_WARN_INFINITE_RECURSION = YES;
				CLANG_WARN_INT_CONVERSION = YES;
				CLANG_WARN_NON_LITERAL_NULL_CONVERSION = YES;
				CLANG_WARN_OBJC_IMPLICIT_RETAIN_SELF = YES;
				CLANG_WARN_OBJC_LITERAL_CONVERSION = YES;
				CLANG_WARN_OBJC_ROOT_CLASS = YES_ERROR;
				CLANG_WARN_QUOTED_INCLUDE_IN_FRAMEWORK_HEADER = YES;
				CLANG_WARN_RANGE_LOOP_ANALYSIS = YES;
				CLANG_WARN_STRICT_PROTOTYPES = YES;
				CLANG_WARN_SUSPICIOUS_MOVE = YES;
				CLANG_WARN_UNGUARDED_AVAILABILITY = YES_AGGRESSIVE;
				CLANG_WARN_UNREACHABLE_CODE = YES;
				CLANG_WARN__DUPLICATE_METHOD_MATCH = YES;
				COPY_PHASE_STRIP = NO;
				DEBUG_INFORMATION_FORMAT = "dwarf-with-dsym";
				ENABLE_NS_ASSERTIONS = NO;
				ENABLE_STRICT_OBJC_MSGSEND = YES;
				GCC_C_LANGUAGE_STANDARD = gnu11;
				GCC_NO_COMMON_BLOCKS = YES;
				GCC_WARN_64_TO_32_BIT_CONVERSION = YES;
				GCC_WARN_ABOUT_RETURN_TYPE = YES_ERROR;
				GCC_WARN_UNDECLARED_SELECTOR = YES;
				GCC_WARN_UNINITIALIZED_AUTOS = YES_AGGRESSIVE;
				GCC_WARN_UNUSED_FUNCTION = YES;
				GCC_WARN_UNUSED_VARIABLE = YES;
				IPHONEOS_DEPLOYMENT_TARGET = 16.4;
				MTL_ENABLE_DEBUG_INFO = NO;
				MTL_FAST_MATH = YES;
				SDKROOT = iphoneos;
				SWIFT_COMPILATION_MODE = wholemodule;
				SWIFT_OPTIMIZATION_LEVEL = "-O";
				VALIDATE_PRODUCT = YES;
			};
			name = Release;
		};
		EDD6F5F22BEFB52F007A2B8D /* Debug */ = {
			isa = XCBuildConfiguration;
			buildSettings = {
				ASSETCATALOG_COMPILER_APPICON_NAME = AppIcon;
				ASSETCATALOG_COMPILER_GLOBAL_ACCENT_COLOR_NAME = AccentColor;
				CODE_SIGN_STYLE = Automatic;
				CURRENT_PROJECT_VERSION = 1;
				DEVELOPMENT_ASSET_PATHS = "\"Quiver Dating app/Preview Content\"";
				ENABLE_PREVIEWS = YES;
				GENERATE_INFOPLIST_FILE = YES;
				INFOPLIST_KEY_UIApplicationSceneManifest_Generation = YES;
				INFOPLIST_KEY_UIApplicationSupportsIndirectInputEvents = YES;
				INFOPLIST_KEY_UILaunchScreen_Generation = YES;
				INFOPLIST_KEY_UISupportedInterfaceOrientations_iPad = "UIInterfaceOrientationPortrait UIInterfaceOrientationPortraitUpsideDown UIInterfaceOrientationLandscapeLeft UIInterfaceOrientationLandscapeRight";
				INFOPLIST_KEY_UISupportedInterfaceOrientations_iPhone = "UIInterfaceOrientationPortrait UIInterfaceOrientationLandscapeLeft UIInterfaceOrientationLandscapeRight";
				LD_RUNPATH_SEARCH_PATHS = (
					"$(inherited)",
					"@executable_path/Frameworks",
				);
				MARKETING_VERSION = 1.0;
				PRODUCT_BUNDLE_IDENTIFIER = "-.Quiver-Dating-app";
				PRODUCT_NAME = "$(TARGET_NAME)";
				SWIFT_EMIT_LOC_STRINGS = YES;
				SWIFT_VERSION = 5.0;
				TARGETED_DEVICE_FAMILY = "1,2";
			};
			name = Debug;
		};
		EDD6F5F32BEFB52F007A2B8D /* Release */ = {
			isa = XCBuildConfiguration;
			buildSettings = {
				ASSETCATALOG_COMPILER_APPICON_NAME = AppIcon;
				ASSETCATALOG_COMPILER_GLOBAL_ACCENT_COLOR_NAME = AccentColor;
				CODE_SIGN_STYLE = Automatic;
				CURRENT_PROJECT_VERSION = 1;
				DEVELOPMENT_ASSET_PATHS = "\"Quiver Dating app/Preview Content\"";
				ENABLE_PREVIEWS = YES;
				GENERATE_INFOPLIST_FILE = YES;
				INFOPLIST_KEY_UIApplicationSceneManifest_Generation = YES;
				INFOPLIST_KEY_UIApplicationSupportsIndirectInputEvents = YES;
				INFOPLIST_KEY_UILaunchScreen_Generation = YES;
				INFOPLIST_KEY_UISupportedInterfaceOrientations_iPad = "UIInterfaceOrientationPortrait UIInterfaceOrientationPortraitUpsideDown UIInterfaceOrientationLandscapeLeft UIInterfaceOrientationLandscapeRight";
				INFOPLIST_KEY_UISupportedInterfaceOrientations_iPhone = "UIInterfaceOrientationPortrait UIInterfaceOrientationLandscapeLeft UIInterfaceOrientationLandscapeRight";
				LD_RUNPATH_SEARCH_PATHS = (
					"$(inherited)",
					"@executable_path/Frameworks",
				);
				MARKETING_VERSION = 1.0;
				PRODUCT_BUNDLE_IDENTIFIER = "-.Quiver-Dating-app";
				PRODUCT_NAME = "$(TARGET_NAME)";
				SWIFT_EMIT_LOC_STRINGS = YES;
				SWIFT_VERSION = 5.0;
				TARGETED_DEVICE_FAMILY = "1,2";
			};
			name = Release;
		};
/* End XCBuildConfiguration section */

/* Begin XCConfigurationList section */
		EDD6F5DE2BEFB52D007A2B8D /* Build configuration list for PBXProject "Quiver Dating app" */ = {
			isa = XCConfigurationList;
			buildConfigurations = (
				EDD6F5EF2BEFB52F007A2B8D /* Debug */,
				EDD6F5F02BEFB52F007A2B8D /* Release */,
			);
			defaultConfigurationIsVisible = 0;
			defaultConfigurationName = Release;
		};
		EDD6F5F12BEFB52F007A2B8D /* Build configuration list for PBXNativeTarget "Quiver Dating app" */ = {
			isa = XCConfigurationList;
			buildConfigurations = (
				EDD6F5F22BEFB52F007A2B8D /* Debug */,
				EDD6F5F32BEFB52F007A2B8D /* Release */,
			);
			defaultConfigurationIsVisible = 0;
			defaultConfigurationName = Release;
		};
/* End XCConfigurationList section */
	};
	rootObject = EDD6F5DB2BEFB52D007A2B8D /* Project object */;
}
